{
  "name": "notch-ci-contract",
  "version": "1.0.0",
  "lockfileVersion": 3,
  "requires": true,
  "packages": {
    "": {
      "name": "notch-ci-contract",
      "version": "1.0.0",
      "devDependencies": {
        "yaml": "2.8.1"
      },
      "engines": {
        "node": ">=22"
      }
    },
    "node_modules/yaml": {
      "version": "2.8.1",
      "integrity": "sha1-GHCqArYx9+gyi5P4vFdPrF1sTXk=",
      "dev": true,
      "license": "ISC",
      "bin": {
        "yaml": "bin.mjs"
      },
      "engines": {
        "node": ">= 14.6"
      }
    }
  }
}
